{
  "requires": true,
  "lockfileVersion": 1,
  "dependencies": {
    "@types/chrome": {
      "version": "0.0.73",
      "resolved": "https://registry.npmjs.org/@types/chrome/-/chrome-0.0.73.tgz",
      "integrity": "sha512-w5aFubIZGmCeWyy7qFU4UFFOlTjqMtG0m8CU/v5RbMbcIk0aritvAeKVO7i5iorccIOOJfm3ZVU7enuIPDQ/jA==",
      "requires": {
        "@types/filesystem": "*"
      }
    },
    "@types/filesystem": {
      "version": "0.0.29",
      "resolved": "https://registry.npmjs.org/@types/filesystem/-/filesystem-0.0.29.tgz",
      "integrity": "sha512-85/1KfRedmfPGsbK8YzeaQUyV1FQAvMPMTuWFQ5EkLd2w7szhNO96bk3Rh/SKmOfd9co2rCLf0Voy4o7ECBOvw==",
      "requires": {
        "@types/filewriter": "*"
      }
    },
    "@types/filewriter": {
      "version": "0.0.28",
      "resolved": "https://registry.npmjs.org/@types/filewriter/-/filewriter-0.0.28.tgz",
      "integrity": "sha1-wFTor02d11205jq8dviFFocU1LM="
    },
    "@types/q": {
      "version": "1.5.1",
      "resolved": "https://registry.npmjs.org/@types/q/-/q-1.5.1.tgz",
      "integrity": "sha512-eqz8c/0kwNi/OEHQfvIuJVLTst3in0e7uTKeuY+WL/zfKn0xVujOTp42bS/vUUokhK5P2BppLd9JXMOMHcgbjA=="
    }
  }
}
